{
    "_readme": [
        "This file locks the dependencies of your project to a known state",
        "Read more about it at https://getcomposer.org/doc/01-basic-usage.md#composer-lock-the-lock-file",
        "This file is @generated automatically"
    ],
    "hash": "c97282b4136ab874097316d5995e61bb",
    "content-hash": "96b61baef8e9f78867af2dbd84fbdca3",
    "packages": [
        {
            "name": "itbz/fpdf",
            "version": "1.7.2",
            "source": {
                "type": "git",
                "url": "https://github.com/hanneskod/fpdf.git",
                "reference": "06d02a7bf227a62d37691a4e7e9c3a35efcb41c3"
            },
            "dist": {
                "type": "zip",
                "url": "https://api.github.com/repos/hanneskod/fpdf/zipball/06d02a7bf227a62d37691a4e7e9c3a35efcb41c3",
                "reference": "06d02a7bf227a62d37691a4e7e9c3a35efcb41c3",
                "shasum": ""
            },
            "require": {
                "php": ">=5.3.0"
            },
            "type": "library",
            "autoload": {
                "psr-0": {
                    "fpdf": "src/"
                }
            },
            "notification-url": "https://packagist.org/downloads/",
            "license": [
                "no usage restriction"
            ],
            "description": "Unofficial PSR-0 compliant version of the FPDF library",
            "homepage": "http://www.fpdf.org/",
            "time": "2013-12-27 14:18:15"
        }
    ],
    "packages-dev": [],
    "aliases": [],
    "minimum-stability": "stable",
    "stability-flags": [],
    "prefer-stable": false,
    "prefer-lowest": false,
    "platform": {
        "php": ">=5.3.0"
    },
    "platform-dev": []
}
